
Microsoft Visual Studio Solution File, Format Version 12.00
# Visual Studio Version 16
VisualStudioVersion = 16.0.28721.148
MinimumVisualStudioVersion = 10.0.40219.1
Project("{FAE04EC0-301F-11D3-BF4B-00C04F79EFBC}") = "MangaCheckerV3", "MangaCheckerV3\MangaCheckerV3.csproj", "{7DCCB58B-72D8-4F5E-9B55-944C438536E6}"
EndProject
Project("{FAE04EC0-301F-11D3-BF4B-00C04F79EFBC}") = "MangaChecker.Data", "MangaChecker.Data\MangaChecker.Data.csproj", "{F5132764-7A38-42F8-B54F-F7D4DCCBB4BA}"
EndProject
Project("{FAE04EC0-301F-11D3-BF4B-00C04F79EFBC}") = "MangaChecker.Database", "MangaChecker.Database\MangaChecker.Database.csproj", "{BC2C4EAE-6D63-4594-A062-80330ED4B591}"
EndProject
Project("{FAE04EC0-301F-11D3-BF4B-00C04F79EFBC}") = "MangaChecker.Utilities", "MangaChecker.Utilities\MangaChecker.Utilities.csproj", "{11E83B6E-A665-423F-8089-42F7D5A2E98C}"
EndProject
Project("{FAE04EC0-301F-11D3-BF4B-00C04F79EFBC}") = "MangaChecker.Providers", "MangaChecker.Providers\MangaChecker.Providers.csproj", "{AFE3B063-4C45-4F63-8F3D-48FAB20B7425}"
EndProject
Project("{FAE04EC0-301F-11D3-BF4B-00C04F79EFBC}") = "MangaChecker.ViewModels", "MangaChecker.ViewModels\MangaChecker.ViewModels.csproj", "{C618F2DF-DCD7-4D5D-BAA6-63D5B8B0B8F8}"
EndProject
Global
	GlobalSection(SolutionConfigurationPlatforms) = preSolution
		Debug|Any CPU = Debug|Any CPU
		Debug|x64 = Debug|x64
		Release|Any CPU = Release|Any CPU
		Release|x64 = Release|x64
	EndGlobalSection
	GlobalSection(ProjectConfigurationPlatforms) = postSolution
		{7DCCB58B-72D8-4F5E-9B55-944C438536E6}.Debug|Any CPU.ActiveCfg = Debug|Any CPU
		{7DCCB58B-72D8-4F5E-9B55-944C438536E6}.Debug|Any CPU.Build.0 = Debug|Any CPU
		{7DCCB58B-72D8-4F5E-9B55-944C438536E6}.Debug|x64.ActiveCfg = Debug|x64
		{7DCCB58B-72D8-4F5E-9B55-944C438536E6}.Debug|x64.Build.0 = Debug|x64
		{7DCCB58B-72D8-4F5E-9B55-944C438536E6}.Release|Any CPU.ActiveCfg = Release|Any CPU
		{7DCCB58B-72D8-4F5E-9B55-944C438536E6}.Release|Any CPU.Build.0 = Release|Any CPU
		{7DCCB58B-72D8-4F5E-9B55-944C438536E6}.Release|x64.ActiveCfg = Release|x64
		{7DCCB58B-72D8-4F5E-9B55-944C438536E6}.Release|x64.Build.0 = Release|x64
		{F5132764-7A38-42F8-B54F-F7D4DCCBB4BA}.Debug|Any CPU.ActiveCfg = Debug|Any CPU
		{F5132764-7A38-42F8-B54F-F7D4DCCBB4BA}.Debug|Any CPU.Build.0 = Debug|Any CPU
		{F5132764-7A38-42F8-B54F-F7D4DCCBB4BA}.Debug|x64.ActiveCfg = Debug|x64
		{F5132764-7A38-42F8-B54F-F7D4DCCBB4BA}.Debug|x64.Build.0 = Debug|x64
		{F5132764-7A38-42F8-B54F-F7D4DCCBB4BA}.Release|Any CPU.ActiveCfg = Release|Any CPU
		{F5132764-7A38-42F8-B54F-F7D4DCCBB4BA}.Release|Any CPU.Build.0 = Release|Any CPU
		{F5132764-7A38-42F8-B54F-F7D4DCCBB4BA}.Release|x64.ActiveCfg = Release|x64
		{F5132764-7A38-42F8-B54F-F7D4DCCBB4BA}.Release|x64.Build.0 = Release|x64
		{BC2C4EAE-6D63-4594-A062-80330ED4B591}.Debug|Any CPU.ActiveCfg = Debug|Any CPU
		{BC2C4EAE-6D63-4594-A062-80330ED4B591}.Debug|Any CPU.Build.0 = Debug|Any CPU
		{BC2C4EAE-6D63-4594-A062-80330ED4B591}.Debug|x64.ActiveCfg = Debug|x64
		{BC2C4EAE-6D63-4594-A062-80330ED4B591}.Debug|x64.Build.0 = Debug|x64
		{BC2C4EAE-6D63-4594-A062-80330ED4B591}.Release|Any CPU.ActiveCfg = Release|Any CPU
		{BC2C4EAE-6D63-4594-A062-80330ED4B591}.Release|Any CPU.Build.0 = Release|Any CPU
		{BC2C4EAE-6D63-4594-A062-80330ED4B591}.Release|x64.ActiveCfg = Release|x64
		{BC2C4EAE-6D63-4594-A062-80330ED4B591}.Release|x64.Build.0 = Release|x64
		{11E83B6E-A665-423F-8089-42F7D5A2E98C}.Debug|Any CPU.ActiveCfg = Debug|Any CPU
		{11E83B6E-A665-423F-8089-42F7D5A2E98C}.Debug|Any CPU.Build.0 = Debug|Any CPU
		{11E83B6E-A665-423F-8089-42F7D5A2E98C}.Debug|x64.ActiveCfg = Debug|x64
		{11E83B6E-A665-423F-8089-42F7D5A2E98C}.Debug|x64.Build.0 = Debug|x64
		{11E83B6E-A665-423F-8089-42F7D5A2E98C}.Release|Any CPU.ActiveCfg = Release|Any CPU
		{11E83B6E-A665-423F-8089-42F7D5A2E98C}.Release|Any CPU.Build.0 = Release|Any CPU
		{11E83B6E-A665-423F-8089-42F7D5A2E98C}.Release|x64.ActiveCfg = Release|x64
		{11E83B6E-A665-423F-8089-42F7D5A2E98C}.Release|x64.Build.0 = Release|x64
		{AFE3B063-4C45-4F63-8F3D-48FAB20B7425}.Debug|Any CPU.ActiveCfg = Debug|Any CPU
		{AFE3B063-4C45-4F63-8F3D-48FAB20B7425}.Debug|Any CPU.Build.0 = Debug|Any CPU
		{AFE3B063-4C45-4F63-8F3D-48FAB20B7425}.Debug|x64.ActiveCfg = Debug|x64
		{AFE3B063-4C45-4F63-8F3D-48FAB20B7425}.Debug|x64.Build.0 = Debug|x64
		{AFE3B063-4C45-4F63-8F3D-48FAB20B7425}.Release|Any CPU.ActiveCfg = Release|Any CPU
		{AFE3B063-4C45-4F63-8F3D-48FAB20B7425}.Release|Any CPU.Build.0 = Release|Any CPU
		{AFE3B063-4C45-4F63-8F3D-48FAB20B7425}.Release|x64.ActiveCfg = Release|x64
		{AFE3B063-4C45-4F63-8F3D-48FAB20B7425}.Release|x64.Build.0 = Release|x64
		{C618F2DF-DCD7-4D5D-BAA6-63D5B8B0B8F8}.Debug|Any CPU.ActiveCfg = Debug|Any CPU
		{C618F2DF-DCD7-4D5D-BAA6-63D5B8B0B8F8}.Debug|Any CPU.Build.0 = Debug|Any CPU
		{C618F2DF-DCD7-4D5D-BAA6-63D5B8B0B8F8}.Debug|x64.ActiveCfg = Debug|x64
		{C618F2DF-DCD7-4D5D-BAA6-63D5B8B0B8F8}.Debug|x64.Build.0 = Debug|x64
		{C618F2DF-DCD7-4D5D-BAA6-63D5B8B0B8F8}.Release|Any CPU.ActiveCfg = Release|Any CPU
		{C618F2DF-DCD7-4D5D-BAA6-63D5B8B0B8F8}.Release|Any CPU.Build.0 = Release|Any CPU
		{C618F2DF-DCD7-4D5D-BAA6-63D5B8B0B8F8}.Release|x64.ActiveCfg = Release|x64
		{C618F2DF-DCD7-4D5D-BAA6-63D5B8B0B8F8}.Release|x64.Build.0 = Release|x64
	EndGlobalSection
	GlobalSection(SolutionProperties) = preSolution
		HideSolutionNode = FALSE
	EndGlobalSection
	GlobalSection(ExtensibilityGlobals) = postSolution
		SolutionGuid = {543D8D03-DC21-4A13-9210-653DE4DA41C2}
	EndGlobalSection
EndGlobal
